// !$*UTF8*$!
{
	archiveVersion = 1;
	classes = {
	};
	objectVersion = 77;
	objects = {

/* Begin PBXBuildFile section */
		003DF9D62DFB91930093BEB8 /* README.md in Resources */ = {isa = PBXBuildFile; fileRef = 003DF9D52DFB91890093BEB8 /* README.md */; };
		00513F1E2DFF3F14001149BD /* .gitignore in Resources */ = {isa = PBXBuildFile; fileRef = 00513F1B2DFF3F14001149BD /* .gitignore */; };
		00513F452DFF409C001149BD /* PhysicalMediaKit in Frameworks */ = {isa = PBXBuildFile; productRef = 00513F442DFF409C001149BD /* PhysicalMediaKit */; };
/* End PBXBuildFile section */

/* Begin PBXCopyFilesBuildPhase section */
		00665DA52DFE59BA00C9D72C /* Embed Frameworks */ = {
			isa = PBXCopyFilesBuildPhase;
			buildActionMask = 2147483647;
			dstPath = "";
			dstSubfolderSpec = 10;
			files = (
			);
			name = "Embed Frameworks";
			runOnlyForDeploymentPostprocessing = 0;
		};
/* End PBXCopyFilesBuildPhase section */

/* Begin PBXFileReference section */
		003DF9C82DFB89210093BEB8 /* PhysicalMediaKitDemo.app */ = {isa = PBXFileReference; explicitFileType = wrapper.application; includeInIndex = 0; path = PhysicalMediaKitDemo.app; sourceTree = BUILT_PRODUCTS_DIR; };
		003DF9D52DFB91890093BEB8 /* README.md */ = {isa = PBXFileReference; lastKnownFileType = net.daringfireball.markdown; path = README.md; sourceTree = "<group>"; };
		00513EF72DFF3C3F001149BD /* cassette.usdz */ = {isa = PBXFileReference; lastKnownFileType = file; path = cassette.usdz; sourceTree = "<group>"; };
		00513EF82DFF3C3F001149BD /* cd.usdz */ = {isa = PBXFileReference; lastKnownFileType = file; path = cd.usdz; sourceTree = "<group>"; };
		00513EF92DFF3C3F001149BD /* vinyl_record.usdz */ = {isa = PBXFileReference; lastKnownFileType = file; path = vinyl_record.usdz; sourceTree = "<group>"; };
		00513EFE2DFF3C3F001149BD /* PhysicalMedia.swift */ = {isa = PBXFileReference; lastKnownFileType = sourcecode.swift; path = PhysicalMedia.swift; sourceTree = "<group>"; };
		00513F182DFF3F14001149BD /* PhysicalMediaKitTests.swift */ = {isa = PBXFileReference; lastKnownFileType = sourcecode.swift; path = PhysicalMediaKitTests.swift; sourceTree = "<group>"; };
		00513F1B2DFF3F14001149BD /* .gitignore */ = {isa = PBXFileReference; lastKnownFileType = text; path = .gitignore; sourceTree = "<group>"; };
		00513F1C2DFF3F14001149BD /* Package.swift */ = {isa = PBXFileReference; lastKnownFileType = sourcecode.swift; path = Package.swift; sourceTree = "<group>"; };
		00513F2C2DFF3FFD001149BD /* CompactCassette3DModelView.swift */ = {isa = PBXFileReference; lastKnownFileType = sourcecode.swift; path = CompactCassette3DModelView.swift; sourceTree = "<group>"; };
		00513F2D2DFF3FFD001149BD /* CompactDisc3DModelView.swift */ = {isa = PBXFileReference; lastKnownFileType = sourcecode.swift; path = CompactDisc3DModelView.swift; sourceTree = "<group>"; };
		00513F2E2DFF3FFD001149BD /* VinylRecord3DModelView.swift */ = {isa = PBXFileReference; lastKnownFileType = sourcecode.swift; path = VinylRecord3DModelView.swift; sourceTree = "<group>"; };
		00513F3C2DFF4008001149BD /* EntityExtension.swift */ = {isa = PBXFileReference; lastKnownFileType = sourcecode.swift; path = EntityExtension.swift; sourceTree = "<group>"; };
		00513F3D2DFF4008001149BD /* PhysicalMediaError.swift */ = {isa = PBXFileReference; lastKnownFileType = sourcecode.swift; path = PhysicalMediaError.swift; sourceTree = "<group>"; };
/* End PBXFileReference section */

/* Begin PBXFileSystemSynchronizedRootGroup section */
		003DF9C92DFB89220093BEB8 /* PhysicalMediaKitDemo */ = {
			isa = PBXFileSystemSynchronizedRootGroup;
			path = PhysicalMediaKitDemo;
			sourceTree = "<group>";
		};
/* End PBXFileSystemSynchronizedRootGroup section */

/* Begin PBXFrameworksBuildPhase section */
		003DF9C52DFB89210093BEB8 /* Frameworks */ = {
			isa = PBXFrameworksBuildPhase;
			buildActionMask = 2147483647;
			files = (
				00513F452DFF409C001149BD /* PhysicalMediaKit in Frameworks */,
			);
			runOnlyForDeploymentPostprocessing = 0;
		};
/* End PBXFrameworksBuildPhase section */

/* Begin PBXGroup section */
		00513F162DFF3F14001149BD /* PhysicalMediaKit */ = {
			isa = PBXGroup;
			children = (
				00513F222DFF3F7C001149BD /* Resources */,
				00513F2F2DFF3FFD001149BD /* 3D Model Views */,
				00513F3E2DFF4008001149BD /* Support */,
				00513EFE2DFF3C3F001149BD /* PhysicalMedia.swift */,
			);
			path = PhysicalMediaKit;
			sourceTree = "<group>";
		};
		00513F172DFF3F14001149BD /* Sources */ = {
			isa = PBXGroup;
			children = (
				00513F162DFF3F14001149BD /* PhysicalMediaKit */,
			);
			path = Sources;
			sourceTree = "<group>";
		};
		00513F192DFF3F14001149BD /* PhysicalMediaKitTests */ = {
			isa = PBXGroup;
			children = (
				00513F182DFF3F14001149BD /* PhysicalMediaKitTests.swift */,
			);
			path = PhysicalMediaKitTests;
			sourceTree = "<group>";
		};
		00513F1A2DFF3F14001149BD /* Tests */ = {
			isa = PBXGroup;
			children = (
				00513F192DFF3F14001149BD /* PhysicalMediaKitTests */,
			);
			path = Tests;
			sourceTree = "<group>";
		};
		00513F1D2DFF3F14001149BD /* PhysicalMediaKit */ = {
			isa = PBXGroup;
			children = (
				00513F172DFF3F14001149BD /* Sources */,
				00513F1A2DFF3F14001149BD /* Tests */,
				00513F1B2DFF3F14001149BD /* .gitignore */,
				00513F1C2DFF3F14001149BD /* Package.swift */,
			);
			path = PhysicalMediaKit;
			sourceTree = "<group>";
		};
		00513F222DFF3F7C001149BD /* Resources */ = {
			isa = PBXGroup;
			children = (
				00513EF72DFF3C3F001149BD /* cassette.usdz */,
				00513EF82DFF3C3F001149BD /* cd.usdz */,
				00513EF92DFF3C3F001149BD /* vinyl_record.usdz */,
			);
			path = Resources;
			sourceTree = "<group>";
		};
		00513F2F2DFF3FFD001149BD /* 3D Model Views */ = {
			isa = PBXGroup;
			children = (
				00513F2C2DFF3FFD001149BD /* CompactCassette3DModelView.swift */,
				00513F2D2DFF3FFD001149BD /* CompactDisc3DModelView.swift */,
				00513F2E2DFF3FFD001149BD /* VinylRecord3DModelView.swift */,
			);
			path = "3D Model Views";
			sourceTree = "<group>";
		};
		00513F3E2DFF4008001149BD /* Support */ = {
			isa = PBXGroup;
			children = (
				00513F3C2DFF4008001149BD /* EntityExtension.swift */,
				00513F3D2DFF4008001149BD /* PhysicalMediaError.swift */,
			);
			path = Support;
			sourceTree = "<group>";
		};
		00F299832DCBDB1B0095A089 = {
			isa = PBXGroup;
			children = (
				003DF9D52DFB91890093BEB8 /* README.md */,
				00513F1D2DFF3F14001149BD /* PhysicalMediaKit */,
				003DF9C92DFB89220093BEB8 /* PhysicalMediaKitDemo */,
				00F2998E2DCBDB1B0095A089 /* Products */,
			);
			sourceTree = "<group>";
		};
		00F2998E2DCBDB1B0095A089 /* Products */ = {
			isa = PBXGroup;
			children = (
				003DF9C82DFB89210093BEB8 /* PhysicalMediaKitDemo.app */,
			);
			name = Products;
			sourceTree = "<group>";
		};
/* End PBXGroup section */

/* Begin PBXNativeTarget section */
		003DF9C72DFB89210093BEB8 /* PhysicalMediaKitDemo */ = {
			isa = PBXNativeTarget;
			buildConfigurationList = 003DF9D02DFB89240093BEB8 /* Build configuration list for PBXNativeTarget "PhysicalMediaKitDemo" */;
			buildPhases = (
				003DF9C42DFB89210093BEB8 /* Sources */,
				003DF9C52DFB89210093BEB8 /* Frameworks */,
				003DF9C62DFB89210093BEB8 /* Resources */,
				00665DA52DFE59BA00C9D72C /* Embed Frameworks */,
			);
			buildRules = (
			);
			dependencies = (
			);
			fileSystemSynchronizedGroups = (
				003DF9C92DFB89220093BEB8 /* PhysicalMediaKitDemo */,
			);
			name = PhysicalMediaKitDemo;
			packageProductDependencies = (
				00513F442DFF409C001149BD /* PhysicalMediaKit */,
			);
			productName = PhysicalMediaDemo;
			productReference = 003DF9C82DFB89210093BEB8 /* PhysicalMediaKitDemo.app */;
			productType = "com.apple.product-type.application";
		};
/* End PBXNativeTarget section */

/* Begin PBXProject section */
		00F299842DCBDB1B0095A089 /* Project object */ = {
			isa = PBXProject;
			attributes = {
				BuildIndependentTargetsInParallel = 1;
				LastSwiftUpdateCheck = 2600;
				LastUpgradeCheck = 2600;
				TargetAttributes = {
					003DF9C72DFB89210093BEB8 = {
						CreatedOnToolsVersion = 26.0;
					};
				};
			};
			buildConfigurationList = 00F299872DCBDB1B0095A089 /* Build configuration list for PBXProject "PhysicalMediaKit" */;
			developmentRegion = en;
			hasScannedForEncodings = 0;
			knownRegions = (
				en,
				Base,
			);
			mainGroup = 00F299832DCBDB1B0095A089;
			minimizedProjectReferenceProxies = 1;
			packageReferences = (
				00513F432DFF409C001149BD /* XCLocalSwiftPackageReference "PhysicalMediaKit" */,
			);
			preferredProjectObjectVersion = 77;
			productRefGroup = 00F2998E2DCBDB1B0095A089 /* Products */;
			projectDirPath = "";
			projectRoot = "";
			targets = (
				003DF9C72DFB89210093BEB8 /* PhysicalMediaKitDemo */,
			);
		};
/* End PBXProject section */

/* Begin PBXResourcesBuildPhase section */
		003DF9C62DFB89210093BEB8 /* Resources */ = {
			isa = PBXResourcesBuildPhase;
			buildActionMask = 2147483647;
			files = (
				00513F1E2DFF3F14001149BD /* .gitignore in Resources */,
				003DF9D62DFB91930093BEB8 /* README.md in Resources */,
			);
			runOnlyForDeploymentPostprocessing = 0;
		};
/* End PBXResourcesBuildPhase section */

/* Begin PBXSourcesBuildPhase section */
		003DF9C42DFB89210093BEB8 /* Sources */ = {
			isa = PBXSourcesBuildPhase;
			buildActionMask = 2147483647;
			files = (
			);
			runOnlyForDeploymentPostprocessing = 0;
		};
/* End PBXSourcesBuildPhase section */

/* Begin XCBuildConfiguration section */
		003DF9D12DFB89240093BEB8 /* Debug */ = {
			isa = XCBuildConfiguration;
			buildSettings = {
				ASSETCATALOG_COMPILER_APPICON_NAME = "PhysicalMediaKit Demo App Icon";
				ASSETCATALOG_COMPILER_GLOBAL_ACCENT_COLOR_NAME = AccentColor;
				CODE_SIGN_STYLE = Automatic;
				CURRENT_PROJECT_VERSION = 1;
				DEVELOPMENT_TEAM = 4M48D4QJHN;
				ENABLE_PREVIEWS = YES;
				GENERATE_INFOPLIST_FILE = YES;
				INFOPLIST_KEY_CFBundleDisplayName = "Physical Media";
				INFOPLIST_KEY_LSApplicationCategoryType = "public.app-category.developer-tools";
				INFOPLIST_KEY_UIApplicationSceneManifest_Generation = YES;
				INFOPLIST_KEY_UIApplicationSupportsIndirectInputEvents = YES;
				INFOPLIST_KEY_UILaunchScreen_Generation = YES;
				INFOPLIST_KEY_UISupportedInterfaceOrientations = UIInterfaceOrientationPortrait;
				IPHONEOS_DEPLOYMENT_TARGET = 18.6;
				LD_RUNPATH_SEARCH_PATHS = (
					"$(inherited)",
					"@executable_path/Frameworks",
				);
				MACH_O_TYPE = mh_execute;
				MARKETING_VERSION = 1.0;
				PRODUCT_BUNDLE_IDENTIFIER = com.spencerhartland.PhysicalMediaDemo;
				PRODUCT_NAME = "$(TARGET_NAME)";
				STRING_CATALOG_GENERATE_SYMBOLS = YES;
				SUPPORTED_PLATFORMS = "iphoneos iphonesimulator";
				SUPPORTS_MACCATALYST = NO;
				SUPPORTS_MAC_DESIGNED_FOR_IPHONE_IPAD = NO;
				SUPPORTS_XR_DESIGNED_FOR_IPHONE_IPAD = NO;
				SWIFT_DEFAULT_ACTOR_ISOLATION = MainActor;
				SWIFT_EMIT_LOC_STRINGS = YES;
				SWIFT_UPCOMING_FEATURE_MEMBER_IMPORT_VISIBILITY = YES;
				SWIFT_VERSION = 5.0;
				TARGETED_DEVICE_FAMILY = 1;
			};
			name = Debug;
		};
		003DF9D22DFB89240093BEB8 /* Release */ = {
			isa = XCBuildConfiguration;
			buildSettings = {
				ASSETCATALOG_COMPILER_APPICON_NAME = "PhysicalMediaKit Demo App Icon";
				ASSETCATALOG_COMPILER_GLOBAL_ACCENT_COLOR_NAME = AccentColor;
				CODE_SIGN_STYLE = Automatic;
				CURRENT_PROJECT_VERSION = 1;
				DEVELOPMENT_TEAM = 4M48D4QJHN;
				ENABLE_PREVIEWS = YES;
				GENERATE_INFOPLIST_FILE = YES;
				INFOPLIST_KEY_CFBundleDisplayName = "Physical Media";
				INFOPLIST_KEY_LSApplicationCategoryType = "public.app-category.developer-tools";
				INFOPLIST_KEY_UIApplicationSceneManifest_Generation = YES;
				INFOPLIST_KEY_UIApplicationSupportsIndirectInputEvents = YES;
				INFOPLIST_KEY_UILaunchScreen_Generation = YES;
				INFOPLIST_KEY_UISupportedInterfaceOrientations = UIInterfaceOrientationPortrait;
				IPHONEOS_DEPLOYMENT_TARGET = 18.6;
				LD_RUNPATH_SEARCH_PATHS = (
					"$(inherited)",
					"@executable_path/Frameworks",
				);
				MACH_O_TYPE = mh_execute;
				MARKETING_VERSION = 1.0;
				PRODUCT_BUNDLE_IDENTIFIER = com.spencerhartland.PhysicalMediaDemo;
				PRODUCT_NAME = "$(TARGET_NAME)";
				STRING_CATALOG_GENERATE_SYMBOLS = YES;
				SUPPORTED_PLATFORMS = "iphoneos iphonesimulator";
				SUPPORTS_MACCATALYST = NO;
				SUPPORTS_MAC_DESIGNED_FOR_IPHONE_IPAD = NO;
				SUPPORTS_XR_DESIGNED_FOR_IPHONE_IPAD = NO;
				SWIFT_DEFAULT_ACTOR_ISOLATION = MainActor;
				SWIFT_EMIT_LOC_STRINGS = YES;
				SWIFT_UPCOMING_FEATURE_MEMBER_IMPORT_VISIBILITY = YES;
				SWIFT_VERSION = 5.0;
				TARGETED_DEVICE_FAMILY = 1;
			};
			name = Release;
		};
		00F299922DCBDB1B0095A089 /* Debug */ = {
			isa = XCBuildConfiguration;
			buildSettings = {
				ALWAYS_SEARCH_USER_PATHS = NO;
				ASSETCATALOG_COMPILER_GENERATE_SWIFT_ASSET_SYMBOL_EXTENSIONS = YES;
				BUILD_LIBRARY_FOR_DISTRIBUTION = YES;
				CLANG_ANALYZER_NONNULL = YES;
				CLANG_ANALYZER_NUMBER_OBJECT_CONVERSION = YES_AGGRESSIVE;
				CLANG_CXX_LANGUAGE_STANDARD = "gnu++20";
				CLANG_ENABLE_MODULES = YES;
				CLANG_ENABLE_OBJC_ARC = YES;
				CLANG_ENABLE_OBJC_WEAK = YES;
				CLANG_WARN_BLOCK_CAPTURE_AUTORELEASING = YES;
				CLANG_WARN_BOOL_CONVERSION = YES;
				CLANG_WARN_COMMA = YES;
				CLANG_WARN_CONSTANT_CONVERSION = YES;
				CLANG_WARN_DEPRECATED_OBJC_IMPLEMENTATIONS = YES;
				CLANG_WARN_DIRECT_OBJC_ISA_USAGE = YES_ERROR;
				CLANG_WARN_DOCUMENTATION_COMMENTS = YES;
				CLANG_WARN_EMPTY_BODY = YES;
				CLANG_WARN_ENUM_CONVERSION = YES;
				CLANG_WARN_INFINITE_RECURSION = YES;
				CLANG_WARN_INT_CONVERSION = YES;
				CLANG_WARN_NON_LITERAL_NULL_CONVERSION = YES;
				CLANG_WARN_OBJC_IMPLICIT_RETAIN_SELF = YES;
				CLANG_WARN_OBJC_LITERAL_CONVERSION = YES;
				CLANG_WARN_OBJC_ROOT_CLASS = YES_ERROR;
				CLANG_WARN_QUOTED_INCLUDE_IN_FRAMEWORK_HEADER = YES;
				CLANG_WARN_RANGE_LOOP_ANALYSIS = YES;
				CLANG_WARN_STRICT_PROTOTYPES = YES;
				CLANG_WARN_SUSPICIOUS_MOVE = YES;
				CLANG_WARN_UNGUARDED_AVAILABILITY = YES_AGGRESSIVE;
				CLANG_WARN_UNREACHABLE_CODE = YES;
				CLANG_WARN__DUPLICATE_METHOD_MATCH = YES;
				COPY_PHASE_STRIP = NO;
				CURRENT_PROJECT_VERSION = 1;
				DEBUG_INFORMATION_FORMAT = dwarf;
				DEVELOPMENT_TEAM = 4M48D4QJHN;
				ENABLE_STRICT_OBJC_MSGSEND = YES;
				ENABLE_TESTABILITY = YES;
				ENABLE_USER_SCRIPT_SANDBOXING = YES;
				GCC_C_LANGUAGE_STANDARD = gnu17;
				GCC_DYNAMIC_NO_PIC = NO;
				GCC_NO_COMMON_BLOCKS = YES;
				GCC_OPTIMIZATION_LEVEL = 0;
				GCC_PREPROCESSOR_DEFINITIONS = (
					"DEBUG=1",
					"$(inherited)",
				);
				GCC_WARN_64_TO_32_BIT_CONVERSION = YES;
				GCC_WARN_ABOUT_RETURN_TYPE = YES_ERROR;
				GCC_WARN_UNDECLARED_SELECTOR = YES;
				GCC_WARN_UNINITIALIZED_AUTOS = YES_AGGRESSIVE;
				GCC_WARN_UNUSED_FUNCTION = YES;
				GCC_WARN_UNUSED_VARIABLE = YES;
				IPHONEOS_DEPLOYMENT_TARGET = 26.0;
				LOCALIZATION_PREFERS_STRING_CATALOGS = YES;
				MACH_O_TYPE = "";
				MTL_ENABLE_DEBUG_INFO = INCLUDE_SOURCE;
				MTL_FAST_MATH = YES;
				ONLY_ACTIVE_ARCH = YES;
				SDKROOT = iphoneos;
				STRING_CATALOG_GENERATE_SYMBOLS = YES;
				SWIFT_ACTIVE_COMPILATION_CONDITIONS = "DEBUG $(inherited)";
				SWIFT_OPTIMIZATION_LEVEL = "-Onone";
				VERSIONING_SYSTEM = "apple-generic";
				VERSION_INFO_PREFIX = "";
			};
			name = Debug;
		};
		00F299932DCBDB1B0095A089 /* Release */ = {
			isa = XCBuildConfiguration;
			buildSettings = {
				ALWAYS_SEARCH_USER_PATHS = NO;
				ASSETCATALOG_COMPILER_GENERATE_SWIFT_ASSET_SYMBOL_EXTENSIONS = YES;
				BUILD_LIBRARY_FOR_DISTRIBUTION = YES;
				CLANG_ANALYZER_NONNULL = YES;
				CLANG_ANALYZER_NUMBER_OBJECT_CONVERSION = YES_AGGRESSIVE;
				CLANG_CXX_LANGUAGE_STANDARD = "gnu++20";
				CLANG_ENABLE_MODULES = YES;
				CLANG_ENABLE_OBJC_ARC = YES;
				CLANG_ENABLE_OBJC_WEAK = YES;
				CLANG_WARN_BLOCK_CAPTURE_AUTORELEASING = YES;
				CLANG_WARN_BOOL_CONVERSION = YES;
				CLANG_WARN_COMMA = YES;
				CLANG_WARN_CONSTANT_CONVERSION = YES;
				CLANG_WARN_DEPRECATED_OBJC_IMPLEMENTATIONS = YES;
				CLANG_WARN_DIRECT_OBJC_ISA_USAGE = YES_ERROR;
				CLANG_WARN_DOCUMENTATION_COMMENTS = YES;
				CLANG_WARN_EMPTY_BODY = YES;
				CLANG_WARN_ENUM_CONVERSION = YES;
				CLANG_WARN_INFINITE_RECURSION = YES;
				CLANG_WARN_INT_CONVERSION = YES;
				CLANG_WARN_NON_LITERAL_NULL_CONVERSION = YES;
				CLANG_WARN_OBJC_IMPLICIT_RETAIN_SELF = YES;
				CLANG_WARN_OBJC_LITERAL_CONVERSION = YES;
				CLANG_WARN_OBJC_ROOT_CLASS = YES_ERROR;
				CLANG_WARN_QUOTED_INCLUDE_IN_FRAMEWORK_HEADER = YES;
				CLANG_WARN_RANGE_LOOP_ANALYSIS = YES;
				CLANG_WARN_STRICT_PROTOTYPES = YES;
				CLANG_WARN_SUSPICIOUS_MOVE = YES;
				CLANG_WARN_UNGUARDED_AVAILABILITY = YES_AGGRESSIVE;
				CLANG_WARN_UNREACHABLE_CODE = YES;
				CLANG_WARN__DUPLICATE_METHOD_MATCH = YES;
				COPY_PHASE_STRIP = NO;
				CURRENT_PROJECT_VERSION = 1;
				DEBUG_INFORMATION_FORMAT = "dwarf-with-dsym";
				DEVELOPMENT_TEAM = 4M48D4QJHN;
				ENABLE_NS_ASSERTIONS = NO;
				ENABLE_STRICT_OBJC_MSGSEND = YES;
				ENABLE_USER_SCRIPT_SANDBOXING = YES;
				GCC_C_LANGUAGE_STANDARD = gnu17;
				GCC_NO_COMMON_BLOCKS = YES;
				GCC_WARN_64_TO_32_BIT_CONVERSION = YES;
				GCC_WARN_ABOUT_RETURN_TYPE = YES_ERROR;
				GCC_WARN_UNDECLARED_SELECTOR = YES;
				GCC_WARN_UNINITIALIZED_AUTOS = YES_AGGRESSIVE;
				GCC_WARN_UNUSED_FUNCTION = YES;
				GCC_WARN_UNUSED_VARIABLE = YES;
				IPHONEOS_DEPLOYMENT_TARGET = 26.0;
				LOCALIZATION_PREFERS_STRING_CATALOGS = YES;
				MACH_O_TYPE = "";
				MTL_ENABLE_DEBUG_INFO = NO;
				MTL_FAST_MATH = YES;
				SDKROOT = iphoneos;
				STRING_CATALOG_GENERATE_SYMBOLS = YES;
				SWIFT_COMPILATION_MODE = wholemodule;
				VALIDATE_PRODUCT = YES;
				VERSIONING_SYSTEM = "apple-generic";
				VERSION_INFO_PREFIX = "";
			};
			name = Release;
		};
/* End XCBuildConfiguration section */

/* Begin XCConfigurationList section */
		003DF9D02DFB89240093BEB8 /* Build configuration list for PBXNativeTarget "PhysicalMediaKitDemo" */ = {
			isa = XCConfigurationList;
			buildConfigurations = (
				003DF9D12DFB89240093BEB8 /* Debug */,
				003DF9D22DFB89240093BEB8 /* Release */,
			);
			defaultConfigurationIsVisible = 0;
			defaultConfigurationName = Release;
		};
		00F299872DCBDB1B0095A089 /* Build configuration list for PBXProject "PhysicalMediaKit" */ = {
			isa = XCConfigurationList;
			buildConfigurations = (
				00F299922DCBDB1B0095A089 /* Debug */,
				00F299932DCBDB1B0095A089 /* Release */,
			);
			defaultConfigurationIsVisible = 0;
			defaultConfigurationName = Release;
		};
/* End XCConfigurationList section */

/* Begin XCLocalSwiftPackageReference section */
		00513F432DFF409C001149BD /* XCLocalSwiftPackageReference "PhysicalMediaKit" */ = {
			isa = XCLocalSwiftPackageReference;
			relativePath = PhysicalMediaKit;
		};
/* End XCLocalSwiftPackageReference section */

/* Begin XCSwiftPackageProductDependency section */
		00513F442DFF409C001149BD /* PhysicalMediaKit */ = {
			isa = XCSwiftPackageProductDependency;
			productName = PhysicalMediaKit;
		};
/* End XCSwiftPackageProductDependency section */
	};
	rootObject = 00F299842DCBDB1B0095A089 /* Project object */;
}
